// !$*UTF8*$!
{
	archiveVersion = 1;
	classes = {
	};
	objectVersion = 46;
	objects = {

/* Begin PBXBuildFile section */
		7104D12617E0C5AC00DBDF0A /* Cocoa.framework in Frameworks */ = {isa = PBXBuildFile; fileRef = 7104D12517E0C5AC00DBDF0A /* Cocoa.framework */; };
		7104D13017E0C5AC00DBDF0A /* InfoPlist.strings in Resources */ = {isa = PBXBuildFile; fileRef = 7104D12E17E0C5AC00DBDF0A /* InfoPlist.strings */; };
		7104D13217E0C5AC00DBDF0A /* main.m in Sources */ = {isa = PBXBuildFile; fileRef = 7104D13117E0C5AC00DBDF0A /* main.m */; };
		7104D13617E0C5AC00DBDF0A /* Credits.rtf in Resources */ = {isa = PBXBuildFile; fileRef = 7104D13417E0C5AC00DBDF0A /* Credits.rtf */; };
		7104D13917E0C5AC00DBDF0A /* AppDelegate.m in Sources */ = {isa = PBXBuildFile; fileRef = 7104D13817E0C5AC00DBDF0A /* AppDelegate.m */; };
		7104D13C17E0C5AD00DBDF0A /* MainMenu.xib in Resources */ = {isa = PBXBuildFile; fileRef = 7104D13A17E0C5AD00DBDF0A /* MainMenu.xib */; };
		71195D101C410ED60021FAA6 /* AppDelegate.swift in Sources */ = {isa = PBXBuildFile; fileRef = 71195D0F1C410ED60021FAA6 /* AppDelegate.swift */; };
		71195D121C410ED60021FAA6 /* ViewController.swift in Sources */ = {isa = PBXBuildFile; fileRef = 71195D111C410ED60021FAA6 /* ViewController.swift */; };
		71195D151C410ED60021FAA6 /* Main.storyboard in Resources */ = {isa = PBXBuildFile; fileRef = 71195D131C410ED60021FAA6 /* Main.storyboard */; };
		71195D171C410ED60021FAA6 /* Assets.xcassets in Resources */ = {isa = PBXBuildFile; fileRef = 71195D161C410ED60021FAA6 /* Assets.xcassets */; };
		71195D1A1C410ED60021FAA6 /* LaunchScreen.storyboard in Resources */ = {isa = PBXBuildFile; fileRef = 71195D181C410ED60021FAA6 /* LaunchScreen.storyboard */; };
		71195D251C410ED60021FAA6 /* Pong_Revived_iOSTests.swift in Sources */ = {isa = PBXBuildFile; fileRef = 71195D241C410ED60021FAA6 /* Pong_Revived_iOSTests.swift */; };
		71195D301C410ED60021FAA6 /* Pong_Revived_iOSUITests.swift in Sources */ = {isa = PBXBuildFile; fileRef = 71195D2F1C410ED60021FAA6 /* Pong_Revived_iOSUITests.swift */; };
		71195D481C41243C0021FAA6 /* 0.png in Resources */ = {isa = PBXBuildFile; fileRef = 71195D3B1C41243C0021FAA6 /* 0.png */; };
		71195D491C41243C0021FAA6 /* 1.png in Resources */ = {isa = PBXBuildFile; fileRef = 71195D3C1C41243C0021FAA6 /* 1.png */; };
		71195D4A1C41243C0021FAA6 /* 2.png in Resources */ = {isa = PBXBuildFile; fileRef = 71195D3D1C41243C0021FAA6 /* 2.png */; };
		71195D4B1C41243C0021FAA6 /* 3.png in Resources */ = {isa = PBXBuildFile; fileRef = 71195D3E1C41243C0021FAA6 /* 3.png */; };
		71195D4C1C41243C0021FAA6 /* 4.png in Resources */ = {isa = PBXBuildFile; fileRef = 71195D3F1C41243C0021FAA6 /* 4.png */; };
		71195D4D1C41243C0021FAA6 /* 5.png in Resources */ = {isa = PBXBuildFile; fileRef = 71195D401C41243C0021FAA6 /* 5.png */; };
		71195D4E1C41243C0021FAA6 /* 6.png in Resources */ = {isa = PBXBuildFile; fileRef = 71195D411C41243C0021FAA6 /* 6.png */; };
		71195D4F1C41243C0021FAA6 /* 7.png in Resources */ = {isa = PBXBuildFile; fileRef = 71195D421C41243C0021FAA6 /* 7.png */; };
		71195D501C41243C0021FAA6 /* 8.png in Resources */ = {isa = PBXBuildFile; fileRef = 71195D431C41243C0021FAA6 /* 8.png */; };
		71195D511C41243C0021FAA6 /* 9.png in Resources */ = {isa = PBXBuildFile; fileRef = 71195D441C41243C0021FAA6 /* 9.png */; };
		71195D521C41243C0021FAA6 /* 10.png in Resources */ = {isa = PBXBuildFile; fileRef = 71195D451C41243C0021FAA6 /* 10.png */; };
		71195D531C41243C0021FAA6 /* P1Win.png in Resources */ = {isa = PBXBuildFile; fileRef = 71195D461C41243C0021FAA6 /* P1Win.png */; };
		71195D541C41243C0021FAA6 /* P2Win.png in Resources */ = {isa = PBXBuildFile; fileRef = 71195D471C41243C0021FAA6 /* P2Win.png */; };
		7124C6631801801F00F9F2ED /* PvPGame.m in Sources */ = {isa = PBXBuildFile; fileRef = 7124C6621801801F00F9F2ED /* PvPGame.m */; };
		7124C6661801831000F9F2ED /* PvCGame.m in Sources */ = {isa = PBXBuildFile; fileRef = 7124C6651801831000F9F2ED /* PvCGame.m */; };
		7124C669180183D900F9F2ED /* CvCGame.m in Sources */ = {isa = PBXBuildFile; fileRef = 7124C668180183D900F9F2ED /* CvCGame.m */; };
		713EB7F11812962F002E2B0C /* Player.m in Sources */ = {isa = PBXBuildFile; fileRef = 713EB7F01812962F002E2B0C /* Player.m */; };
		713EB7F418129696002E2B0C /* AI.m in Sources */ = {isa = PBXBuildFile; fileRef = 713EB7F318129696002E2B0C /* AI.m */; };
		713EB7F7181297A4002E2B0C /* Ball.m in Sources */ = {isa = PBXBuildFile; fileRef = 713EB7F6181297A4002E2B0C /* Ball.m */; };
		7147F79C182AD8850024E574 /* Entity.m in Sources */ = {isa = PBXBuildFile; fileRef = 7147F79B182AD8850024E574 /* Entity.m */; };
		7188C0DE1C420AD5001FE46B /* SuperGame.m in Sources */ = {isa = PBXBuildFile; fileRef = 7188C0DD1C420AD5001FE46B /* SuperGame.m */; };
		7188C0E01C420BA1001FE46B /* UIKit.framework in Frameworks */ = {isa = PBXBuildFile; fileRef = 7188C0DF1C420BA1001FE46B /* UIKit.framework */; };
		7188C0E11C421168001FE46B /* SuperGame.m in Sources */ = {isa = PBXBuildFile; fileRef = 7188C0DD1C420AD5001FE46B /* SuperGame.m */; };
		718F539F17F8C27E008534E7 /* Game.m in Sources */ = {isa = PBXBuildFile; fileRef = 718F539E17F8C27E008534E7 /* Game.m */; };
		7196EC08186B1B5100D7423F /* Logger.m in Sources */ = {isa = PBXBuildFile; fileRef = 7196EC07186B1B5100D7423F /* Logger.m */; };
		719A04B61A5296D30081E209 /* Images.xcassets in Resources */ = {isa = PBXBuildFile; fileRef = 719A04B51A5296D30081E209 /* Images.xcassets */; };
/* End PBXBuildFile section */

/* Begin PBXContainerItemProxy section */
		71195D211C410ED60021FAA6 /* PBXContainerItemProxy */ = {
			isa = PBXContainerItemProxy;
			containerPortal = 7104D11A17E0C5AC00DBDF0A /* Project object */;
			proxyType = 1;
			remoteGlobalIDString = 71195D0C1C410ED50021FAA6;
			remoteInfo = "Pong Revived iOS";
		};
		71195D2C1C410ED60021FAA6 /* PBXContainerItemProxy */ = {
			isa = PBXContainerItemProxy;
			containerPortal = 7104D11A17E0C5AC00DBDF0A /* Project object */;
			proxyType = 1;
			remoteGlobalIDString = 71195D0C1C410ED50021FAA6;
			remoteInfo = "Pong Revived iOS";
		};
/* End PBXContainerItemProxy section */

/* Begin PBXFileReference section */
		7104D12217E0C5AC00DBDF0A /* Pong Revived.app */ = {isa = PBXFileReference; explicitFileType = wrapper.application; includeInIndex = 0; path = "Pong Revived.app"; sourceTree = BUILT_PRODUCTS_DIR; };
		7104D12517E0C5AC00DBDF0A /* Cocoa.framework */ = {isa = PBXFileReference; lastKnownFileType = wrapper.framework; name = Cocoa.framework; path = System/Library/Frameworks/Cocoa.framework; sourceTree = SDKROOT; };
		7104D12817E0C5AC00DBDF0A /* AppKit.framework */ = {isa = PBXFileReference; lastKnownFileType = wrapper.framework; name = AppKit.framework; path = System/Library/Frameworks/AppKit.framework; sourceTree = SDKROOT; };
		7104D12917E0C5AC00DBDF0A /* CoreData.framework */ = {isa = PBXFileReference; lastKnownFileType = wrapper.framework; name = CoreData.framework; path = System/Library/Frameworks/CoreData.framework; sourceTree = SDKROOT; };
		7104D12A17E0C5AC00DBDF0A /* Foundation.framework */ = {isa = PBXFileReference; lastKnownFileType = wrapper.framework; name = Foundation.framework; path = System/Library/Frameworks/Foundation.framework; sourceTree = SDKROOT; };
		7104D12D17E0C5AC00DBDF0A /* Pong Revived-Info.plist */ = {isa = PBXFileReference; lastKnownFileType = text.plist.xml; path = "Pong Revived-Info.plist"; sourceTree = "<group>"; };
		7104D12F17E0C5AC00DBDF0A /* en */ = {isa = PBXFileReference; lastKnownFileType = text.plist.strings; name = en; path = en.lproj/InfoPlist.strings; sourceTree = "<group>"; };
		7104D13117E0C5AC00DBDF0A /* main.m */ = {isa = PBXFileReference; lastKnownFileType = sourcecode.c.objc; path = main.m; sourceTree = "<group>"; };
		7104D13317E0C5AC00DBDF0A /* Pong Revived-Prefix.pch */ = {isa = PBXFileReference; lastKnownFileType = sourcecode.c.h; path = "Pong Revived-Prefix.pch"; sourceTree = "<group>"; };
		7104D13517E0C5AC00DBDF0A /* en */ = {isa = PBXFileReference; lastKnownFileType = text.rtf; name = en; path = en.lproj/Credits.rtf; sourceTree = "<group>"; };
		7104D13717E0C5AC00DBDF0A /* AppDelegate.h */ = {isa = PBXFileReference; lastKnownFileType = sourcecode.c.h; path = AppDelegate.h; sourceTree = "<group>"; };
		7104D13817E0C5AC00DBDF0A /* AppDelegate.m */ = {isa = PBXFileReference; lastKnownFileType = sourcecode.c.objc; path = AppDelegate.m; sourceTree = "<group>"; };
		7104D13B17E0C5AD00DBDF0A /* en */ = {isa = PBXFileReference; lastKnownFileType = file.xib; name = en; path = en.lproj/MainMenu.xib; sourceTree = "<group>"; };
		71195D0D1C410ED50021FAA6 /* Pong Revived iOS.app */ = {isa = PBXFileReference; explicitFileType = wrapper.application; includeInIndex = 0; path = "Pong Revived iOS.app"; sourceTree = BUILT_PRODUCTS_DIR; };
		71195D0F1C410ED60021FAA6 /* AppDelegate.swift */ = {isa = PBXFileReference; lastKnownFileType = sourcecode.swift; path = AppDelegate.swift; sourceTree = "<group>"; };
		71195D111C410ED60021FAA6 /* ViewController.swift */ = {isa = PBXFileReference; lastKnownFileType = sourcecode.swift; path = ViewController.swift; sourceTree = "<group>"; };
		71195D141C410ED60021FAA6 /* Base */ = {isa = PBXFileReference; lastKnownFileType = file.storyboard; name = Base; path = Base.lproj/Main.storyboard; sourceTree = "<group>"; };
		71195D161C410ED60021FAA6 /* Assets.xcassets */ = {isa = PBXFileReference; lastKnownFileType = folder.assetcatalog; path = Assets.xcassets; sourceTree = "<group>"; };
		71195D191C410ED60021FAA6 /* Base */ = {isa = PBXFileReference; lastKnownFileType = file.storyboard; name = Base; path = Base.lproj/LaunchScreen.storyboard; sourceTree = "<group>"; };
		71195D1B1C410ED60021FAA6 /* Info.plist */ = {isa = PBXFileReference; lastKnownFileType = text.plist.xml; path = Info.plist; sourceTree = "<group>"; };
		71195D201C410ED60021FAA6 /* Pong Revived iOSTests.xctest */ = {isa = PBXFileReference; explicitFileType = wrapper.cfbundle; includeInIndex = 0; path = "Pong Revived iOSTests.xctest"; sourceTree = BUILT_PRODUCTS_DIR; };
		71195D241C410ED60021FAA6 /* Pong_Revived_iOSTests.swift */ = {isa = PBXFileReference; lastKnownFileType = sourcecode.swift; path = Pong_Revived_iOSTests.swift; sourceTree = "<group>"; };
		71195D261C410ED60021FAA6 /* Info.plist */ = {isa = PBXFileReference; lastKnownFileType = text.plist.xml; path = Info.plist; sourceTree = "<group>"; };
		71195D2B1C410ED60021FAA6 /* Pong Revived iOSUITests.xctest */ = {isa = PBXFileReference; explicitFileType = wrapper.cfbundle; includeInIndex = 0; path = "Pong Revived iOSUITests.xctest"; sourceTree = BUILT_PRODUCTS_DIR; };
		71195D2F1C410ED60021FAA6 /* Pong_Revived_iOSUITests.swift */ = {isa = PBXFileReference; lastKnownFileType = sourcecode.swift; path = Pong_Revived_iOSUITests.swift; sourceTree = "<group>"; };
		71195D311C410ED60021FAA6 /* Info.plist */ = {isa = PBXFileReference; lastKnownFileType = text.plist.xml; path = Info.plist; sourceTree = "<group>"; };
		71195D3B1C41243C0021FAA6 /* 0.png */ = {isa = PBXFileReference; lastKnownFileType = image.png; path = 0.png; sourceTree = "<group>"; };
		71195D3C1C41243C0021FAA6 /* 1.png */ = {isa = PBXFileReference; lastKnownFileType = image.png; path = 1.png; sourceTree = "<group>"; };
		71195D3D1C41243C0021FAA6 /* 2.png */ = {isa = PBXFileReference; lastKnownFileType = image.png; path = 2.png; sourceTree = "<group>"; };
		71195D3E1C41243C0021FAA6 /* 3.png */ = {isa = PBXFileReference; lastKnownFileType = image.png; path = 3.png; sourceTree = "<group>"; };
		71195D3F1C41243C0021FAA6 /* 4.png */ = {isa = PBXFileReference; lastKnownFileType = image.png; path = 4.png; sourceTree = "<group>"; };
		71195D401C41243C0021FAA6 /* 5.png */ = {isa = PBXFileReference; lastKnownFileType = image.png; path = 5.png; sourceTree = "<group>"; };
		71195D411C41243C0021FAA6 /* 6.png */ = {isa = PBXFileReference; lastKnownFileType = image.png; path = 6.png; sourceTree = "<group>"; };
		71195D421C41243C0021FAA6 /* 7.png */ = {isa = PBXFileReference; lastKnownFileType = image.png; path = 7.png; sourceTree = "<group>"; };
		71195D431C41243C0021FAA6 /* 8.png */ = {isa = PBXFileReference; lastKnownFileType = image.png; path = 8.png; sourceTree = "<group>"; };
		71195D441C41243C0021FAA6 /* 9.png */ = {isa = PBXFileReference; lastKnownFileType = image.png; path = 9.png; sourceTree = "<group>"; };
		71195D451C41243C0021FAA6 /* 10.png */ = {isa = PBXFileReference; lastKnownFileType = image.png; path = 10.png; sourceTree = "<group>"; };
		71195D461C41243C0021FAA6 /* P1Win.png */ = {isa = PBXFileReference; lastKnownFileType = image.png; path = P1Win.png; sourceTree = "<group>"; };
		71195D471C41243C0021FAA6 /* P2Win.png */ = {isa = PBXFileReference; lastKnownFileType = image.png; path = P2Win.png; sourceTree = "<group>"; };
		7124C6611801801F00F9F2ED /* PvPGame.h */ = {isa = PBXFileReference; fileEncoding = 4; lastKnownFileType = sourcecode.c.h; path = PvPGame.h; sourceTree = "<group>"; };
		7124C6621801801F00F9F2ED /* PvPGame.m */ = {isa = PBXFileReference; fileEncoding = 4; lastKnownFileType = sourcecode.c.objc; path = PvPGame.m; sourceTree = "<group>"; };
		7124C6641801831000F9F2ED /* PvCGame.h */ = {isa = PBXFileReference; fileEncoding = 4; lastKnownFileType = sourcecode.c.h; path = PvCGame.h; sourceTree = "<group>"; };
		7124C6651801831000F9F2ED /* PvCGame.m */ = {isa = PBXFileReference; fileEncoding = 4; lastKnownFileType = sourcecode.c.objc; path = PvCGame.m; sourceTree = "<group>"; };
		7124C667180183D900F9F2ED /* CvCGame.h */ = {isa = PBXFileReference; fileEncoding = 4; lastKnownFileType = sourcecode.c.h; path = CvCGame.h; sourceTree = "<group>"; };
		7124C668180183D900F9F2ED /* CvCGame.m */ = {isa = PBXFileReference; fileEncoding = 4; lastKnownFileType = sourcecode.c.objc; path = CvCGame.m; sourceTree = "<group>"; };
		713EB7EF1812962F002E2B0C /* Player.h */ = {isa = PBXFileReference; fileEncoding = 4; lastKnownFileType = sourcecode.c.h; path = Player.h; sourceTree = "<group>"; };
		713EB7F01812962F002E2B0C /* Player.m */ = {isa = PBXFileReference; fileEncoding = 4; lastKnownFileType = sourcecode.c.objc; path = Player.m; sourceTree = "<group>"; };
		713EB7F218129696002E2B0C /* AI.h */ = {isa = PBXFileReference; fileEncoding = 4; lastKnownFileType = sourcecode.c.h; path = AI.h; sourceTree = "<group>"; };
		713EB7F318129696002E2B0C /* AI.m */ = {isa = PBXFileReference; fileEncoding = 4; lastKnownFileType = sourcecode.c.objc; path = AI.m; sourceTree = "<group>"; };
		713EB7F5181297A4002E2B0C /* Ball.h */ = {isa = PBXFileReference; fileEncoding = 4; lastKnownFileType = sourcecode.c.h; path = Ball.h; sourceTree = "<group>"; };
		713EB7F6181297A4002E2B0C /* Ball.m */ = {isa = PBXFileReference; fileEncoding = 4; lastKnownFileType = sourcecode.c.objc; path = Ball.m; sourceTree = "<group>"; };
		7147F79A182AD8850024E574 /* Entity.h */ = {isa = PBXFileReference; fileEncoding = 4; lastKnownFileType = sourcecode.c.h; path = Entity.h; sourceTree = "<group>"; };
		7147F79B182AD8850024E574 /* Entity.m */ = {isa = PBXFileReference; fileEncoding = 4; lastKnownFileType = sourcecode.c.objc; path = Entity.m; sourceTree = "<group>"; };
		7188C0DC1C420AD5001FE46B /* SuperGame.h */ = {isa = PBXFileReference; fileEncoding = 4; lastKnownFileType = sourcecode.c.h; name = SuperGame.h; path = "Pong Revived/SuperGame.h"; sourceTree = "<group>"; };
		7188C0DD1C420AD5001FE46B /* SuperGame.m */ = {isa = PBXFileReference; fileEncoding = 4; lastKnownFileType = sourcecode.c.objc; name = SuperGame.m; path = "Pong Revived/SuperGame.m"; sourceTree = "<group>"; };
		7188C0DF1C420BA1001FE46B /* UIKit.framework */ = {isa = PBXFileReference; lastKnownFileType = wrapper.framework; name = UIKit.framework; path = Platforms/iPhoneOS.platform/Developer/SDKs/iPhoneOS9.2.sdk/System/Library/Frameworks/UIKit.framework; sourceTree = DEVELOPER_DIR; };
		718F539D17F8C27E008534E7 /* Game.h */ = {isa = PBXFileReference; fileEncoding = 4; lastKnownFileType = sourcecode.c.h; path = Game.h; sourceTree = "<group>"; };
		718F539E17F8C27E008534E7 /* Game.m */ = {isa = PBXFileReference; fileEncoding = 4; lastKnownFileType = sourcecode.c.objc; path = Game.m; sourceTree = "<group>"; };
		7196EC06186B1B5100D7423F /* Logger.h */ = {isa = PBXFileReference; fileEncoding = 4; lastKnownFileType = sourcecode.c.h; path = Logger.h; sourceTree = "<group>"; };
		7196EC07186B1B5100D7423F /* Logger.m */ = {isa = PBXFileReference; fileEncoding = 4; lastKnownFileType = sourcecode.c.objc; path = Logger.m; sourceTree = "<group>"; };
		719A04B51A5296D30081E209 /* Images.xcassets */ = {isa = PBXFileReference; lastKnownFileType = folder.assetcatalog; path = Images.xcassets; sourceTree = "<group>"; };
/* End PBXFileReference section */

/* Begin PBXFrameworksBuildPhase section */
		7104D11F17E0C5AC00DBDF0A /* Frameworks */ = {
			isa = PBXFrameworksBuildPhase;
			buildActionMask = 2147483647;
			files = (
				7104D12617E0C5AC00DBDF0A /* Cocoa.framework in Frameworks */,
			);
			runOnlyForDeploymentPostprocessing = 0;
		};
		71195D0A1C410ED50021FAA6 /* Frameworks */ = {
			isa = PBXFrameworksBuildPhase;
			buildActionMask = 2147483647;
			files = (
				7188C0E01C420BA1001FE46B /* UIKit.framework in Frameworks */,
			);
			runOnlyForDeploymentPostprocessing = 0;
		};
		71195D1D1C410ED60021FAA6 /* Frameworks */ = {
			isa = PBXFrameworksBuildPhase;
			buildActionMask = 2147483647;
			files = (
			);
			runOnlyForDeploymentPostprocessing = 0;
		};
		71195D281C410ED60021FAA6 /* Frameworks */ = {
			isa = PBXFrameworksBuildPhase;
			buildActionMask = 2147483647;
			files = (
			);
			runOnlyForDeploymentPostprocessing = 0;
		};
/* End PBXFrameworksBuildPhase section */

/* Begin PBXGroup section */
		7104D11917E0C5AC00DBDF0A = {
			isa = PBXGroup;
			children = (
				7188C0D41C41F8BC001FE46B /* Universal */,
				718C70D31838C6C400DA2CAF /* imgs */,
				7104D12B17E0C5AC00DBDF0A /* Pong Revived */,
				71195D0E1C410ED60021FAA6 /* Pong Revived iOS */,
				71195D231C410ED60021FAA6 /* Pong Revived iOSTests */,
				71195D2E1C410ED60021FAA6 /* Pong Revived iOSUITests */,
				7104D12417E0C5AC00DBDF0A /* Frameworks */,
				7104D12317E0C5AC00DBDF0A /* Products */,
			);
			sourceTree = "<group>";
		};
		7104D12317E0C5AC00DBDF0A /* Products */ = {
			isa = PBXGroup;
			children = (
				7104D12217E0C5AC00DBDF0A /* Pong Revived.app */,
				71195D0D1C410ED50021FAA6 /* Pong Revived iOS.app */,
				71195D201C410ED60021FAA6 /* Pong Revived iOSTests.xctest */,
				71195D2B1C410ED60021FAA6 /* Pong Revived iOSUITests.xctest */,
			);
			name = Products;
			sourceTree = "<group>";
		};
		7104D12417E0C5AC00DBDF0A /* Frameworks */ = {
			isa = PBXGroup;
			children = (
				7188C0DF1C420BA1001FE46B /* UIKit.framework */,
				7104D12517E0C5AC00DBDF0A /* Cocoa.framework */,
				7104D12717E0C5AC00DBDF0A /* Other Frameworks */,
			);
			name = Frameworks;
			sourceTree = "<group>";
		};
		7104D12717E0C5AC00DBDF0A /* Other Frameworks */ = {
			isa = PBXGroup;
			children = (
				7104D12817E0C5AC00DBDF0A /* AppKit.framework */,
				7104D12917E0C5AC00DBDF0A /* CoreData.framework */,
				7104D12A17E0C5AC00DBDF0A /* Foundation.framework */,
			);
			name = "Other Frameworks";
			sourceTree = "<group>";
		};
		7104D12B17E0C5AC00DBDF0A /* Pong Revived */ = {
			isa = PBXGroup;
			children = (
				71AE6A6C1810728500D29938 /* Game */,
				71AE6A6D1810729500D29938 /* Other */,
				7104D13A17E0C5AD00DBDF0A /* MainMenu.xib */,
				719A04B51A5296D30081E209 /* Images.xcassets */,
				7104D12C17E0C5AC00DBDF0A /* Supporting Files */,
			);
			path = "Pong Revived";
			sourceTree = "<group>";
		};
		7104D12C17E0C5AC00DBDF0A /* Supporting Files */ = {
			isa = PBXGroup;
			children = (
				7104D12D17E0C5AC00DBDF0A /* Pong Revived-Info.plist */,
				7104D12E17E0C5AC00DBDF0A /* InfoPlist.strings */,
				7104D13117E0C5AC00DBDF0A /* main.m */,
				7104D13317E0C5AC00DBDF0A /* Pong Revived-Prefix.pch */,
				7104D13417E0C5AC00DBDF0A /* Credits.rtf */,
			);
			name = "Supporting Files";
			sourceTree = "<group>";
		};
		71195D0E1C410ED60021FAA6 /* Pong Revived iOS */ = {
			isa = PBXGroup;
			children = (
				71195D0F1C410ED60021FAA6 /* AppDelegate.swift */,
				71195D111C410ED60021FAA6 /* ViewController.swift */,
				71195D131C410ED60021FAA6 /* Main.storyboard */,
				71195D161C410ED60021FAA6 /* Assets.xcassets */,
				71195D181C410ED60021FAA6 /* LaunchScreen.storyboard */,
				71195D1B1C410ED60021FAA6 /* Info.plist */,
			);
			path = "Pong Revived iOS";
			sourceTree = "<group>";
		};
		71195D231C410ED60021FAA6 /* Pong Revived iOSTests */ = {
			isa = PBXGroup;
			children = (
				71195D241C410ED60021FAA6 /* Pong_Revived_iOSTests.swift */,
				71195D261C410ED60021FAA6 /* Info.plist */,
			);
			path = "Pong Revived iOSTests";
			sourceTree = "<group>";
		};
		71195D2E1C410ED60021FAA6 /* Pong Revived iOSUITests */ = {
			isa = PBXGroup;
			children = (
				71195D2F1C410ED60021FAA6 /* Pong_Revived_iOSUITests.swift */,
				71195D311C410ED60021FAA6 /* Info.plist */,
			);
			path = "Pong Revived iOSUITests";
			sourceTree = "<group>";
		};
		7188C0D41C41F8BC001FE46B /* Universal */ = {
			isa = PBXGroup;
			children = (
				7188C0D81C41FA32001FE46B /* Game */,
				71AE6A6B1810727300D29938 /* Entities */,
			);
			name = Universal;
			sourceTree = "<group>";
		};
		7188C0D81C41FA32001FE46B /* Game */ = {
			isa = PBXGroup;
			children = (
				7188C0DC1C420AD5001FE46B /* SuperGame.h */,
				7188C0DD1C420AD5001FE46B /* SuperGame.m */,
			);
			name = Game;
			sourceTree = "<group>";
		};
		718C70D31838C6C400DA2CAF /* imgs */ = {
			isa = PBXGroup;
			children = (
				71195D3B1C41243C0021FAA6 /* 0.png */,
				71195D3C1C41243C0021FAA6 /* 1.png */,
				71195D3D1C41243C0021FAA6 /* 2.png */,
				71195D3E1C41243C0021FAA6 /* 3.png */,
				71195D3F1C41243C0021FAA6 /* 4.png */,
				71195D401C41243C0021FAA6 /* 5.png */,
				71195D411C41243C0021FAA6 /* 6.png */,
				71195D421C41243C0021FAA6 /* 7.png */,
				71195D431C41243C0021FAA6 /* 8.png */,
				71195D441C41243C0021FAA6 /* 9.png */,
				71195D451C41243C0021FAA6 /* 10.png */,
				71195D461C41243C0021FAA6 /* P1Win.png */,
				71195D471C41243C0021FAA6 /* P2Win.png */,
			);
			name = imgs;
			path = "Pong Revived/imgs";
			sourceTree = "<group>";
		};
		71AE6A6B1810727300D29938 /* Entities */ = {
			isa = PBXGroup;
			children = (
				7147F79A182AD8850024E574 /* Entity.h */,
				7147F79B182AD8850024E574 /* Entity.m */,
				713EB7EF1812962F002E2B0C /* Player.h */,
				713EB7F01812962F002E2B0C /* Player.m */,
				713EB7F218129696002E2B0C /* AI.h */,
				713EB7F318129696002E2B0C /* AI.m */,
				713EB7F5181297A4002E2B0C /* Ball.h */,
				713EB7F6181297A4002E2B0C /* Ball.m */,
			);
			name = Entities;
			path = "Pong Revived";
			sourceTree = "<group>";
		};
		71AE6A6C1810728500D29938 /* Game */ = {
			isa = PBXGroup;
			children = (
				718F539D17F8C27E008534E7 /* Game.h */,
				718F539E17F8C27E008534E7 /* Game.m */,
				7124C6611801801F00F9F2ED /* PvPGame.h */,
				7124C6621801801F00F9F2ED /* PvPGame.m */,
				7124C667180183D900F9F2ED /* CvCGame.h */,
				7124C668180183D900F9F2ED /* CvCGame.m */,
				7124C6641801831000F9F2ED /* PvCGame.h */,
				7124C6651801831000F9F2ED /* PvCGame.m */,
			);
			name = Game;
			sourceTree = "<group>";
		};
		71AE6A6D1810729500D29938 /* Other */ = {
			isa = PBXGroup;
			children = (
				7196EC06186B1B5100D7423F /* Logger.h */,
				7196EC07186B1B5100D7423F /* Logger.m */,
				7104D13717E0C5AC00DBDF0A /* AppDelegate.h */,
				7104D13817E0C5AC00DBDF0A /* AppDelegate.m */,
			);
			name = Other;
			sourceTree = "<group>";
		};
/* End PBXGroup section */

/* Begin PBXNativeTarget section */
		7104D12117E0C5AC00DBDF0A /* Pong Revived */ = {
			isa = PBXNativeTarget;
			buildConfigurationList = 7104D13F17E0C5AD00DBDF0A /* Build configuration list for PBXNativeTarget "Pong Revived" */;
			buildPhases = (
				7104D11E17E0C5AC00DBDF0A /* Sources */,
				7104D11F17E0C5AC00DBDF0A /* Frameworks */,
				7104D12017E0C5AC00DBDF0A /* Resources */,
			);
			buildRules = (
			);
			dependencies = (
			);
			name = "Pong Revived";
			productName = "Pong Revived";
			productReference = 7104D12217E0C5AC00DBDF0A /* Pong Revived.app */;
			productType = "com.apple.product-type.application";
		};
		71195D0C1C410ED50021FAA6 /* Pong Revived iOS */ = {
			isa = PBXNativeTarget;
			buildConfigurationList = 71195D321C410ED60021FAA6 /* Build configuration list for PBXNativeTarget "Pong Revived iOS" */;
			buildPhases = (
				71195D091C410ED50021FAA6 /* Sources */,
				71195D0A1C410ED50021FAA6 /* Frameworks */,
				71195D0B1C410ED50021FAA6 /* Resources */,
			);
			buildRules = (
			);
			dependencies = (
			);
			name = "Pong Revived iOS";
			productName = "Pong Revived iOS";
			productReference = 71195D0D1C410ED50021FAA6 /* Pong Revived iOS.app */;
			productType = "com.apple.product-type.application";
		};
		71195D1F1C410ED60021FAA6 /* Pong Revived iOSTests */ = {
			isa = PBXNativeTarget;
			buildConfigurationList = 71195D351C410ED60021FAA6 /* Build configuration list for PBXNativeTarget "Pong Revived iOSTests" */;
			buildPhases = (
				71195D1C1C410ED60021FAA6 /* Sources */,
				71195D1D1C410ED60021FAA6 /* Frameworks */,
				71195D1E1C410ED60021FAA6 /* Resources */,
			);
			buildRules = (
			);
			dependencies = (
				71195D221C410ED60021FAA6 /* PBXTargetDependency */,
			);
			name = "Pong Revived iOSTests";
			productName = "Pong Revived iOSTests";
			productReference = 71195D201C410ED60021FAA6 /* Pong Revived iOSTests.xctest */;
			productType = "com.apple.product-type.bundle.unit-test";
		};
		71195D2A1C410ED60021FAA6 /* Pong Revived iOSUITests */ = {
			isa = PBXNativeTarget;
			buildConfigurationList = 71195D381C410ED60021FAA6 /* Build configuration list for PBXNativeTarget "Pong Revived iOSUITests" */;
			buildPhases = (
				71195D271C410ED60021FAA6 /* Sources */,
				71195D281C410ED60021FAA6 /* Frameworks */,
				71195D291C410ED60021FAA6 /* Resources */,
			);
			buildRules = (
			);
			dependencies = (
				71195D2D1C410ED60021FAA6 /* PBXTargetDependency */,
			);
			name = "Pong Revived iOSUITests";
			productName = "Pong Revived iOSUITests";
			productReference = 71195D2B1C410ED60021FAA6 /* Pong Revived iOSUITests.xctest */;
			productType = "com.apple.product-type.bundle.ui-testing";
		};
/* End PBXNativeTarget section */

/* Begin PBXProject section */
		7104D11A17E0C5AC00DBDF0A /* Project object */ = {
			isa = PBXProject;
			attributes = {
				LastSwiftUpdateCheck = 0720;
				LastUpgradeCheck = 0720;
				ORGANIZATIONNAME = "Scripter Squad";
				TargetAttributes = {
					71195D0C1C410ED50021FAA6 = {
						CreatedOnToolsVersion = 7.2;
						DevelopmentTeam = T42F23M422;
					};
					71195D1F1C410ED60021FAA6 = {
						CreatedOnToolsVersion = 7.2;
						DevelopmentTeam = VMNQE63MQJ;
						TestTargetID = 71195D0C1C410ED50021FAA6;
					};
					71195D2A1C410ED60021FAA6 = {
						CreatedOnToolsVersion = 7.2;
						DevelopmentTeam = VMNQE63MQJ;
						TestTargetID = 71195D0C1C410ED50021FAA6;
					};
				};
			};
			buildConfigurationList = 7104D11D17E0C5AC00DBDF0A /* Build configuration list for PBXProject "Pong Revived" */;
			compatibilityVersion = "Xcode 3.2";
			developmentRegion = English;
			hasScannedForEncodings = 0;
			knownRegions = (
				en,
				Base,
			);
			mainGroup = 7104D11917E0C5AC00DBDF0A;
			productRefGroup = 7104D12317E0C5AC00DBDF0A /* Products */;
			projectDirPath = "";
			projectRoot = "";
			targets = (
				7104D12117E0C5AC00DBDF0A /* Pong Revived */,
				71195D0C1C410ED50021FAA6 /* Pong Revived iOS */,
				71195D1F1C410ED60021FAA6 /* Pong Revived iOSTests */,
				71195D2A1C410ED60021FAA6 /* Pong Revived iOSUITests */,
			);
		};
/* End PBXProject section */

/* Begin PBXResourcesBuildPhase section */
		7104D12017E0C5AC00DBDF0A /* Resources */ = {
			isa = PBXResourcesBuildPhase;
			buildActionMask = 2147483647;
			files = (
				71195D4E1C41243C0021FAA6 /* 6.png in Resources */,
				71195D4C1C41243C0021FAA6 /* 4.png in Resources */,
				71195D4D1C41243C0021FAA6 /* 5.png in Resources */,
				71195D4F1C41243C0021FAA6 /* 7.png in Resources */,
				7104D13017E0C5AC00DBDF0A /* InfoPlist.strings in Resources */,
				71195D521C41243C0021FAA6 /* 10.png in Resources */,
				71195D481C41243C0021FAA6 /* 0.png in Resources */,
				71195D4A1C41243C0021FAA6 /* 2.png in Resources */,
				71195D4B1C41243C0021FAA6 /* 3.png in Resources */,
				7104D13617E0C5AC00DBDF0A /* Credits.rtf in Resources */,
				71195D541C41243C0021FAA6 /* P2Win.png in Resources */,
				71195D511C41243C0021FAA6 /* 9.png in Resources */,
				71195D531C41243C0021FAA6 /* P1Win.png in Resources */,
				71195D501C41243C0021FAA6 /* 8.png in Resources */,
				71195D491C41243C0021FAA6 /* 1.png in Resources */,
				7104D13C17E0C5AD00DBDF0A /* MainMenu.xib in Resources */,
				719A04B61A5296D30081E209 /* Images.xcassets in Resources */,
			);
			runOnlyForDeploymentPostprocessing = 0;
		};
		71195D0B1C410ED50021FAA6 /* Resources */ = {
			isa = PBXResourcesBuildPhase;
			buildActionMask = 2147483647;
			files = (
				71195D1A1C410ED60021FAA6 /* LaunchScreen.storyboard in Resources */,
				71195D171C410ED60021FAA6 /* Assets.xcassets in Resources */,
				71195D151C410ED60021FAA6 /* Main.storyboard in Resources */,
			);
			runOnlyForDeploymentPostprocessing = 0;
		};
		71195D1E1C410ED60021FAA6 /* Resources */ = {
			isa = PBXResourcesBuildPhase;
			buildActionMask = 2147483647;
			files = (
			);
			runOnlyForDeploymentPostprocessing = 0;
		};
		71195D291C410ED60021FAA6 /* Resources */ = {
			isa = PBXResourcesBuildPhase;
			buildActionMask = 2147483647;
			files = (
			);
			runOnlyForDeploymentPostprocessing = 0;
		};
/* End PBXResourcesBuildPhase section */

/* Begin PBXSourcesBuildPhase section */
		7104D11E17E0C5AC00DBDF0A /* Sources */ = {
			isa = PBXSourcesBuildPhase;
			buildActionMask = 2147483647;
			files = (
				7104D13217E0C5AC00DBDF0A /* main.m in Sources */,
				7104D13917E0C5AC00DBDF0A /* AppDelegate.m in Sources */,
				718F539F17F8C27E008534E7 /* Game.m in Sources */,
				7124C6631801801F00F9F2ED /* PvPGame.m in Sources */,
				7124C6661801831000F9F2ED /* PvCGame.m in Sources */,
				7124C669180183D900F9F2ED /* CvCGame.m in Sources */,
				713EB7F11812962F002E2B0C /* Player.m in Sources */,
				7188C0DE1C420AD5001FE46B /* SuperGame.m in Sources */,
				713EB7F418129696002E2B0C /* AI.m in Sources */,
				713EB7F7181297A4002E2B0C /* Ball.m in Sources */,
				7147F79C182AD8850024E574 /* Entity.m in Sources */,
				7196EC08186B1B5100D7423F /* Logger.m in Sources */,
			);
			runOnlyForDeploymentPostprocessing = 0;
		};
		71195D091C410ED50021FAA6 /* Sources */ = {
			isa = PBXSourcesBuildPhase;
			buildActionMask = 2147483647;
			files = (
				71195D121C410ED60021FAA6 /* ViewController.swift in Sources */,
				7188C0E11C421168001FE46B /* SuperGame.m in Sources */,
				71195D101C410ED60021FAA6 /* AppDelegate.swift in Sources */,
			);
			runOnlyForDeploymentPostprocessing = 0;
		};
		71195D1C1C410ED60021FAA6 /* Sources */ = {
			isa = PBXSourcesBuildPhase;
			buildActionMask = 2147483647;
			files = (
				71195D251C410ED60021FAA6 /* Pong_Revived_iOSTests.swift in Sources */,
			);
			runOnlyForDeploymentPostprocessing = 0;
		};
		71195D271C410ED60021FAA6 /* Sources */ = {
			isa = PBXSourcesBuildPhase;
			buildActionMask = 2147483647;
			files = (
				71195D301C410ED60021FAA6 /* Pong_Revived_iOSUITests.swift in Sources */,
			);
			runOnlyForDeploymentPostprocessing = 0;
		};
/* End PBXSourcesBuildPhase section */

/* Begin PBXTargetDependency section */
		71195D221C410ED60021FAA6 /* PBXTargetDependency */ = {
			isa = PBXTargetDependency;
			target = 71195D0C1C410ED50021FAA6 /* Pong Revived iOS */;
			targetProxy = 71195D211C410ED60021FAA6 /* PBXContainerItemProxy */;
		};
		71195D2D1C410ED60021FAA6 /* PBXTargetDependency */ = {
			isa = PBXTargetDependency;
			target = 71195D0C1C410ED50021FAA6 /* Pong Revived iOS */;
			targetProxy = 71195D2C1C410ED60021FAA6 /* PBXContainerItemProxy */;
		};
/* End PBXTargetDependency section */

/* Begin PBXVariantGroup section */
		7104D12E17E0C5AC00DBDF0A /* InfoPlist.strings */ = {
			isa = PBXVariantGroup;
			children = (
				7104D12F17E0C5AC00DBDF0A /* en */,
			);
			name = InfoPlist.strings;
			sourceTree = "<group>";
		};
		7104D13417E0C5AC00DBDF0A /* Credits.rtf */ = {
			isa = PBXVariantGroup;
			children = (
				7104D13517E0C5AC00DBDF0A /* en */,
			);
			name = Credits.rtf;
			sourceTree = "<group>";
		};
		7104D13A17E0C5AD00DBDF0A /* MainMenu.xib */ = {
			isa = PBXVariantGroup;
			children = (
				7104D13B17E0C5AD00DBDF0A /* en */,
			);
			name = MainMenu.xib;
			sourceTree = "<group>";
		};
		71195D131C410ED60021FAA6 /* Main.storyboard */ = {
			isa = PBXVariantGroup;
			children = (
				71195D141C410ED60021FAA6 /* Base */,
			);
			name = Main.storyboard;
			sourceTree = "<group>";
		};
		71195D181C410ED60021FAA6 /* LaunchScreen.storyboard */ = {
			isa = PBXVariantGroup;
			children = (
				71195D191C410ED60021FAA6 /* Base */,
			);
			name = LaunchScreen.storyboard;
			sourceTree = "<group>";
		};
/* End PBXVariantGroup section */

/* Begin XCBuildConfiguration section */
		7104D13D17E0C5AD00DBDF0A /* Debug */ = {
			isa = XCBuildConfiguration;
			buildSettings = {
				ALWAYS_SEARCH_USER_PATHS = NO;
				CLANG_CXX_LANGUAGE_STANDARD = "gnu++0x";
				CLANG_CXX_LIBRARY = "libc++";
				CLANG_ENABLE_OBJC_ARC = YES;
				CLANG_WARN_CONSTANT_CONVERSION = YES;
				CLANG_WARN_EMPTY_BODY = YES;
				CLANG_WARN_ENUM_CONVERSION = YES;
				CLANG_WARN_INT_CONVERSION = YES;
				CLANG_WARN__DUPLICATE_METHOD_MATCH = YES;
				COPY_PHASE_STRIP = NO;
				ENABLE_TESTABILITY = YES;
				GCC_C_LANGUAGE_STANDARD = gnu99;
				GCC_DYNAMIC_NO_PIC = NO;
				GCC_ENABLE_OBJC_EXCEPTIONS = YES;
				GCC_OPTIMIZATION_LEVEL = 0;
				GCC_PREPROCESSOR_DEFINITIONS = (
					"DEBUG=1",
					"$(inherited)",
				);
				GCC_SYMBOLS_PRIVATE_EXTERN = NO;
				GCC_WARN_64_TO_32_BIT_CONVERSION = YES;
				GCC_WARN_ABOUT_RETURN_TYPE = YES;
				GCC_WARN_UNINITIALIZED_AUTOS = YES;
				GCC_WARN_UNUSED_VARIABLE = YES;
				IPHONEOS_DEPLOYMENT_TARGET = 9.0;
				MACOSX_DEPLOYMENT_TARGET = 10.7;
				ONLY_ACTIVE_ARCH = YES;
				SDKROOT = macosx;
			};
			name = Debug;
		};
		7104D13E17E0C5AD00DBDF0A /* Release */ = {
			isa = XCBuildConfiguration;
			buildSettings = {
				ALWAYS_SEARCH_USER_PATHS = NO;
				CLANG_CXX_LANGUAGE_STANDARD = "gnu++0x";
				CLANG_CXX_LIBRARY = "libc++";
				CLANG_ENABLE_OBJC_ARC = YES;
				CLANG_WARN_CONSTANT_CONVERSION = YES;
				CLANG_WARN_EMPTY_BODY = YES;
				CLANG_WARN_ENUM_CONVERSION = YES;
				CLANG_WARN_INT_CONVERSION = YES;
				CLANG_WARN__DUPLICATE_METHOD_MATCH = YES;
				COPY_PHASE_STRIP = YES;
				DEBUG_INFORMATION_FORMAT = "dwarf-with-dsym";
				GCC_C_LANGUAGE_STANDARD = gnu99;
				GCC_ENABLE_OBJC_EXCEPTIONS = YES;
				GCC_WARN_64_TO_32_BIT_CONVERSION = YES;
				GCC_WARN_ABOUT_RETURN_TYPE = YES;
				GCC_WARN_UNINITIALIZED_AUTOS = YES;
				GCC_WARN_UNUSED_VARIABLE = YES;
				IPHONEOS_DEPLOYMENT_TARGET = 9.0;
				MACOSX_DEPLOYMENT_TARGET = 10.7;
				SDKROOT = macosx;
			};
			name = Release;
		};
		7104D14017E0C5AD00DBDF0A /* Debug */ = {
			isa = XCBuildConfiguration;
			buildSettings = {
				ASSETCATALOG_COMPILER_APPICON_NAME = AppIcon;
				COMBINE_HIDPI_IMAGES = YES;
				GCC_PRECOMPILE_PREFIX_HEADER = YES;
				GCC_PREFIX_HEADER = "Pong Revived/Pong Revived-Prefix.pch";
				INFOPLIST_FILE = "Pong Revived/Pong Revived-Info.plist";
				MACOSX_DEPLOYMENT_TARGET = 10.7;
				PRODUCT_BUNDLE_IDENTIFIER = "com.Arc676.${PRODUCT_NAME:rfc1034identifier}";
				PRODUCT_NAME = "$(TARGET_NAME)";
				WRAPPER_EXTENSION = app;
			};
			name = Debug;
		};
		7104D14117E0C5AD00DBDF0A /* Release */ = {
			isa = XCBuildConfiguration;
			buildSettings = {
				ASSETCATALOG_COMPILER_APPICON_NAME = AppIcon;
				COMBINE_HIDPI_IMAGES = YES;
				GCC_PRECOMPILE_PREFIX_HEADER = YES;
				GCC_PREFIX_HEADER = "Pong Revived/Pong Revived-Prefix.pch";
				INFOPLIST_FILE = "Pong Revived/Pong Revived-Info.plist";
				MACOSX_DEPLOYMENT_TARGET = 10.7;
				PRODUCT_BUNDLE_IDENTIFIER = "com.Arc676.${PRODUCT_NAME:rfc1034identifier}";
				PRODUCT_NAME = "$(TARGET_NAME)";
				WRAPPER_EXTENSION = app;
			};
			name = Release;
		};
		71195D331C410ED60021FAA6 /* Debug */ = {
			isa = XCBuildConfiguration;
			buildSettings = {
				ASSETCATALOG_COMPILER_APPICON_NAME = "AppIcon-1";
				CLANG_ENABLE_MODULES = YES;
				CLANG_WARN_BOOL_CONVERSION = YES;
				CLANG_WARN_DIRECT_OBJC_ISA_USAGE = YES_ERROR;
				CLANG_WARN_OBJC_ROOT_CLASS = YES_ERROR;
				CLANG_WARN_UNREACHABLE_CODE = YES;
				CODE_SIGN_IDENTITY = "iPhone Developer";
				"CODE_SIGN_IDENTITY[sdk=iphoneos*]" = "iPhone Developer";
				DEBUG_INFORMATION_FORMAT = dwarf;
				ENABLE_STRICT_OBJC_MSGSEND = YES;
				GCC_NO_COMMON_BLOCKS = YES;
				GCC_WARN_ABOUT_RETURN_TYPE = YES_ERROR;
				GCC_WARN_UNDECLARED_SELECTOR = YES;
				GCC_WARN_UNINITIALIZED_AUTOS = YES_AGGRESSIVE;
				GCC_WARN_UNUSED_FUNCTION = YES;
				INFOPLIST_FILE = "Pong Revived iOS/Info.plist";
				IPHONEOS_DEPLOYMENT_TARGET = 9.2;
				LD_RUNPATH_SEARCH_PATHS = "$(inherited) @executable_path/Frameworks";
				MTL_ENABLE_DEBUG_INFO = YES;
				PRODUCT_BUNDLE_IDENTIFIER = com.Arc676.PongRevived;
				PRODUCT_NAME = "$(TARGET_NAME)";
				SDKROOT = iphoneos;
				SWIFT_OPTIMIZATION_LEVEL = "-Onone";
				TARGETED_DEVICE_FAMILY = "1,2";
			};
			name = Debug;
		};
		71195D341C410ED60021FAA6 /* Release */ = {
			isa = XCBuildConfiguration;
			buildSettings = {
				ASSETCATALOG_COMPILER_APPICON_NAME = "AppIcon-1";
				CLANG_ENABLE_MODULES = YES;
				CLANG_WARN_BOOL_CONVERSION = YES;
				CLANG_WARN_DIRECT_OBJC_ISA_USAGE = YES_ERROR;
				CLANG_WARN_OBJC_ROOT_CLASS = YES_ERROR;
				CLANG_WARN_UNREACHABLE_CODE = YES;
				CODE_SIGN_IDENTITY = "iPhone Developer";
				"CODE_SIGN_IDENTITY[sdk=iphoneos*]" = "iPhone Developer";
				COPY_PHASE_STRIP = NO;
				ENABLE_NS_ASSERTIONS = NO;
				ENABLE_STRICT_OBJC_MSGSEND = YES;
				GCC_NO_COMMON_BLOCKS = YES;
				GCC_WARN_ABOUT_RETURN_TYPE = YES_ERROR;
				GCC_WARN_UNDECLARED_SELECTOR = YES;
				GCC_WARN_UNINITIALIZED_AUTOS = YES_AGGRESSIVE;
				GCC_WARN_UNUSED_FUNCTION = YES;
				INFOPLIST_FILE = "Pong Revived iOS/Info.plist";
				IPHONEOS_DEPLOYMENT_TARGET = 9.2;
				LD_RUNPATH_SEARCH_PATHS = "$(inherited) @executable_path/Frameworks";
				MTL_ENABLE_DEBUG_INFO = NO;
				PRODUCT_BUNDLE_IDENTIFIER = com.Arc676.PongRevived;
				PRODUCT_NAME = "$(TARGET_NAME)";
				SDKROOT = iphoneos;
				TARGETED_DEVICE_FAMILY = "1,2";
				VALIDATE_PRODUCT = YES;
			};
			name = Release;
		};
		71195D361C410ED60021FAA6 /* Debug */ = {
			isa = XCBuildConfiguration;
			buildSettings = {
				BUNDLE_LOADER = "$(TEST_HOST)";
				CLANG_ENABLE_MODULES = YES;
				CLANG_WARN_BOOL_CONVERSION = YES;
				CLANG_WARN_DIRECT_OBJC_ISA_USAGE = YES_ERROR;
				CLANG_WARN_OBJC_ROOT_CLASS = YES_ERROR;
				CLANG_WARN_UNREACHABLE_CODE = YES;
				"CODE_SIGN_IDENTITY[sdk=iphoneos*]" = "iPhone Developer";
				DEBUG_INFORMATION_FORMAT = dwarf;
				ENABLE_STRICT_OBJC_MSGSEND = YES;
				GCC_NO_COMMON_BLOCKS = YES;
				GCC_WARN_ABOUT_RETURN_TYPE = YES_ERROR;
				GCC_WARN_UNDECLARED_SELECTOR = YES;
				GCC_WARN_UNINITIALIZED_AUTOS = YES_AGGRESSIVE;
				GCC_WARN_UNUSED_FUNCTION = YES;
				INFOPLIST_FILE = "Pong Revived iOSTests/Info.plist";
				IPHONEOS_DEPLOYMENT_TARGET = 9.2;
				LD_RUNPATH_SEARCH_PATHS = "$(inherited) @executable_path/Frameworks @loader_path/Frameworks";
				MTL_ENABLE_DEBUG_INFO = YES;
				PRODUCT_BUNDLE_IDENTIFIER = "com.Arc676.Pong-Revived-iOSTests";
				PRODUCT_NAME = "$(TARGET_NAME)";
				SDKROOT = iphoneos;
				TEST_HOST = "$(BUILT_PRODUCTS_DIR)/Pong Revived iOS.app/Pong Revived iOS";
			};
			name = Debug;
		};
		71195D371C410ED60021FAA6 /* Release */ = {
			isa = XCBuildConfiguration;
			buildSettings = {
				BUNDLE_LOADER = "$(TEST_HOST)";
				CLANG_ENABLE_MODULES = YES;
				CLANG_WARN_BOOL_CONVERSION = YES;
				CLANG_WARN_DIRECT_OBJC_ISA_USAGE = YES_ERROR;
				CLANG_WARN_OBJC_ROOT_CLASS = YES_ERROR;
				CLANG_WARN_UNREACHABLE_CODE = YES;
				"CODE_SIGN_IDENTITY[sdk=iphoneos*]" = "iPhone Developer";
				COPY_PHASE_STRIP = NO;
				ENABLE_NS_ASSERTIONS = NO;
				ENABLE_STRICT_OBJC_MSGSEND = YES;
				GCC_NO_COMMON_BLOCKS = YES;
				GCC_WARN_ABOUT_RETURN_TYPE = YES_ERROR;
				GCC_WARN_UNDECLARED_SELECTOR = YES;
				GCC_WARN_UNINITIALIZED_AUTOS = YES_AGGRESSIVE;
				GCC_WARN_UNUSED_FUNCTION = YES;
				INFOPLIST_FILE = "Pong Revived iOSTests/Info.plist";
				IPHONEOS_DEPLOYMENT_TARGET = 9.2;
				LD_RUNPATH_SEARCH_PATHS = "$(inherited) @executable_path/Frameworks @loader_path/Frameworks";
				MTL_ENABLE_DEBUG_INFO = NO;
				PRODUCT_BUNDLE_IDENTIFIER = "com.Arc676.Pong-Revived-iOSTests";
				PRODUCT_NAME = "$(TARGET_NAME)";
				SDKROOT = iphoneos;
				TEST_HOST = "$(BUILT_PRODUCTS_DIR)/Pong Revived iOS.app/Pong Revived iOS";
				VALIDATE_PRODUCT = YES;
			};
			name = Release;
		};
		71195D391C410ED60021FAA6 /* Debug */ = {
			isa = XCBuildConfiguration;
			buildSettings = {
				CLANG_ENABLE_MODULES = YES;
				CLANG_WARN_BOOL_CONVERSION = YES;
				CLANG_WARN_DIRECT_OBJC_ISA_USAGE = YES_ERROR;
				CLANG_WARN_OBJC_ROOT_CLASS = YES_ERROR;
				CLANG_WARN_UNREACHABLE_CODE = YES;
				"CODE_SIGN_IDENTITY[sdk=iphoneos*]" = "iPhone Developer";
				DEBUG_INFORMATION_FORMAT = dwarf;
				ENABLE_STRICT_OBJC_MSGSEND = YES;
				GCC_NO_COMMON_BLOCKS = YES;
				GCC_WARN_ABOUT_RETURN_TYPE = YES_ERROR;
				GCC_WARN_UNDECLARED_SELECTOR = YES;
				GCC_WARN_UNINITIALIZED_AUTOS = YES_AGGRESSIVE;
				GCC_WARN_UNUSED_FUNCTION = YES;
				INFOPLIST_FILE = "Pong Revived iOSUITests/Info.plist";
				IPHONEOS_DEPLOYMENT_TARGET = 9.2;
				LD_RUNPATH_SEARCH_PATHS = "$(inherited) @executable_path/Frameworks @loader_path/Frameworks";
				MTL_ENABLE_DEBUG_INFO = YES;
				PRODUCT_BUNDLE_IDENTIFIER = "com.Arc676.Pong-Revived-iOSUITests";
				PRODUCT_NAME = "$(TARGET_NAME)";
				SDKROOT = iphoneos;
				TEST_TARGET_NAME = "Pong Revived iOS";
				USES_XCTRUNNER = YES;
			};
			name = Debug;
		};
		71195D3A1C410ED60021FAA6 /* Release */ = {
			isa = XCBuildConfiguration;
			buildSettings = {
				CLANG_ENABLE_MODULES = YES;
				CLANG_WARN_BOOL_CONVERSION = YES;
				CLANG_WARN_DIRECT_OBJC_ISA_USAGE = YES_ERROR;
				CLANG_WARN_OBJC_ROOT_CLASS = YES_ERROR;
				CLANG_WARN_UNREACHABLE_CODE = YES;
				"CODE_SIGN_IDENTITY[sdk=iphoneos*]" = "iPhone Developer";
				COPY_PHASE_STRIP = NO;
				ENABLE_NS_ASSERTIONS = NO;
				ENABLE_STRICT_OBJC_MSGSEND = YES;
				GCC_NO_COMMON_BLOCKS = YES;
				GCC_WARN_ABOUT_RETURN_TYPE = YES_ERROR;
				GCC_WARN_UNDECLARED_SELECTOR = YES;
				GCC_WARN_UNINITIALIZED_AUTOS = YES_AGGRESSIVE;
				GCC_WARN_UNUSED_FUNCTION = YES;
				INFOPLIST_FILE = "Pong Revived iOSUITests/Info.plist";
				IPHONEOS_DEPLOYMENT_TARGET = 9.2;
				LD_RUNPATH_SEARCH_PATHS = "$(inherited) @executable_path/Frameworks @loader_path/Frameworks";
				MTL_ENABLE_DEBUG_INFO = NO;
				PRODUCT_BUNDLE_IDENTIFIER = "com.Arc676.Pong-Revived-iOSUITests";
				PRODUCT_NAME = "$(TARGET_NAME)";
				SDKROOT = iphoneos;
				TEST_TARGET_NAME = "Pong Revived iOS";
				USES_XCTRUNNER = YES;
				VALIDATE_PRODUCT = YES;
			};
			name = Release;
		};
/* End XCBuildConfiguration section */

/* Begin XCConfigurationList section */
		7104D11D17E0C5AC00DBDF0A /* Build configuration list for PBXProject "Pong Revived" */ = {
			isa = XCConfigurationList;
			buildConfigurations = (
				7104D13D17E0C5AD00DBDF0A /* Debug */,
				7104D13E17E0C5AD00DBDF0A /* Release */,
			);
			defaultConfigurationIsVisible = 0;
			defaultConfigurationName = Release;
		};
		7104D13F17E0C5AD00DBDF0A /* Build configuration list for PBXNativeTarget "Pong Revived" */ = {
			isa = XCConfigurationList;
			buildConfigurations = (
				7104D14017E0C5AD00DBDF0A /* Debug */,
				7104D14117E0C5AD00DBDF0A /* Release */,
			);
			defaultConfigurationIsVisible = 0;
			defaultConfigurationName = Release;
		};
		71195D321C410ED60021FAA6 /* Build configuration list for PBXNativeTarget "Pong Revived iOS" */ = {
			isa = XCConfigurationList;
			buildConfigurations = (
				71195D331C410ED60021FAA6 /* Debug */,
				71195D341C410ED60021FAA6 /* Release */,
			);
			defaultConfigurationIsVisible = 0;
			defaultConfigurationName = Release;
		};
		71195D351C410ED60021FAA6 /* Build configuration list for PBXNativeTarget "Pong Revived iOSTests" */ = {
			isa = XCConfigurationList;
			buildConfigurations = (
				71195D361C410ED60021FAA6 /* Debug */,
				71195D371C410ED60021FAA6 /* Release */,
			);
			defaultConfigurationIsVisible = 0;
			defaultConfigurationName = Release;
		};
		71195D381C410ED60021FAA6 /* Build configuration list for PBXNativeTarget "Pong Revived iOSUITests" */ = {
			isa = XCConfigurationList;
			buildConfigurations = (
				71195D391C410ED60021FAA6 /* Debug */,
				71195D3A1C410ED60021FAA6 /* Release */,
			);
			defaultConfigurationIsVisible = 0;
			defaultConfigurationName = Release;
		};
/* End XCConfigurationList section */
	};
	rootObject = 7104D11A17E0C5AC00DBDF0A /* Project object */;
}
